{
  "name": "dotfiles",
  "lockfileVersion": 3,
  "requires": true,
  "packages": {
    "": {
      "dependencies": {
        "n": "^9.0.1"
      }
    },
    "node_modules/n": {
      "version": "9.0.1",
      "resolved": "https://registry.npmjs.org/n/-/n-9.0.1.tgz",
      "integrity": "sha512-SsKwY5iFdKd3xpsT4ISFmRLnCVcx+eNMc2NIlxMQL+w6zKK4hjaMvSZf8V+Fq2ipVCuuLD2fhVJSA6cszfJq9g==",
      "os": [
        "!win32"
      ],
      "bin": {
        "n": "bin/n"
      },
      "engines": {
        "node": "*"
      }
    }
  }
}
